
Microsoft Visual Studio Solution File, Format Version 12.00
# Visual Studio Version 16
VisualStudioVersion = 16.0.34601.136
MinimumVisualStudioVersion = 10.0.40219.1
Project("{8BC9CEB8-8B4A-11D0-8D11-00A0C91BC942}") = "Lesson13", "Lesson13.vcxproj", "{6BD638C1-153D-4F97-B22A-A11ED7AA10BA}"
EndProject
Global
	GlobalSection(SolutionConfigurationPlatforms) = preSolution
		Debug|x64 = Debug|x64
		Debug|x86 = Debug|x86
		Release|x64 = Release|x64
		Release|x86 = Release|x86
	EndGlobalSection
	GlobalSection(ProjectConfigurationPlatforms) = postSolution
		{6BD638C1-153D-4F97-B22A-A11ED7AA10BA}.Debug|x64.ActiveCfg = Debug|x64
		{6BD638C1-153D-4F97-B22A-A11ED7AA10BA}.Debug|x64.Build.0 = Debug|x64
		{6BD638C1-153D-4F97-B22A-A11ED7AA10BA}.Debug|x86.ActiveCfg = Debug|Win32
		{6BD638C1-153D-4F97-B22A-A11ED7AA10BA}.Debug|x86.Build.0 = Debug|Win32
		{6BD638C1-153D-4F97-B22A-A11ED7AA10BA}.Release|x64.ActiveCfg = Release|x64
		{6BD638C1-153D-4F97-B22A-A11ED7AA10BA}.Release|x64.Build.0 = Release|x64
		{6BD638C1-153D-4F97-B22A-A11ED7AA10BA}.Release|x86.ActiveCfg = Release|Win32
		{6BD638C1-153D-4F97-B22A-A11ED7AA10BA}.Release|x86.Build.0 = Release|Win32
	EndGlobalSection
	GlobalSection(SolutionProperties) = preSolution
		HideSolutionNode = FALSE
	EndGlobalSection
	GlobalSection(ExtensibilityGlobals) = postSolution
		SolutionGuid = {07A285E6-A4F2-4F71-87AD-8BB692380664}
	EndGlobalSection
EndGlobal
